
Microsoft Visual Studio Solution File, Format Version 12.00
# Visual Studio Version 16
VisualStudioVersion = 16.0.29411.108
MinimumVisualStudioVersion = 10.0.40219.1
Project("{FAE04EC0-301F-11D3-BF4B-00C04F79EFBC}") = "Open-Lab-02.6", "Open-Lab-02.6\Open-Lab-02.6.csproj", "{9F7553B1-8FA4-4DD1-B031-9A54077DD7C8}"
EndProject
Global
	GlobalSection(SolutionConfigurationPlatforms) = preSolution
		Debug|Any CPU = Debug|Any CPU
		Release|Any CPU = Release|Any CPU
	EndGlobalSection
	GlobalSection(ProjectConfigurationPlatforms) = postSolution
		{9F7553B1-8FA4-4DD1-B031-9A54077DD7C8}.Debug|Any CPU.ActiveCfg = Debug|Any CPU
		{9F7553B1-8FA4-4DD1-B031-9A54077DD7C8}.Debug|Any CPU.Build.0 = Debug|Any CPU
		{9F7553B1-8FA4-4DD1-B031-9A54077DD7C8}.Release|Any CPU.ActiveCfg = Release|Any CPU
		{9F7553B1-8FA4-4DD1-B031-9A54077DD7C8}.Release|Any CPU.Build.0 = Release|Any CPU
	EndGlobalSection
	GlobalSection(SolutionProperties) = preSolution
		HideSolutionNode = FALSE
	EndGlobalSection
	GlobalSection(ExtensibilityGlobals) = postSolution
		SolutionGuid = {4D5C4453-2E53-44E4-8906-93B50FD10ED7}
	EndGlobalSection
EndGlobal
